<Solution>
  <Folder Name="/解决方案项/">
    <File Path=".gitignore" />
    <File Path=".gitmodules" />
    <File Path="LICENSE" />
    <File Path="README.md" />
  </Folder>
  <Project Path="NativeLibs/NativeLibs.csproj" />
  <Project Path="TSBind/TSBind.csproj" />
  <Project Path="TSBind.Test/lua/TSBind.TestLua.csproj" />
  <Project Path="TSWrap/TSWrap.csproj" />
  <Project Path="TSWrap.Test/lua/TSWrap.TestLua.csproj" />
</Solution>
